
Microsoft Visual Studio Solution File, Format Version 12.00
# Visual Studio Version 17
VisualStudioVersion = 17.3.32929.385
MinimumVisualStudioVersion = 10.0.40219.1
Project("{FAE04EC0-301F-11D3-BF4B-00C04F79EFBC}") = "MVC", "MVC\MVC.csproj", "{EAC4C64D-D15E-4550-8096-D29988B1303C}"
EndProject
Global
	GlobalSection(SolutionConfigurationPlatforms) = preSolution
		Debug|Any CPU = Debug|Any CPU
		Release|Any CPU = Release|Any CPU
	EndGlobalSection
	GlobalSection(ProjectConfigurationPlatforms) = postSolution
		{EAC4C64D-D15E-4550-8096-D29988B1303C}.Debug|Any CPU.ActiveCfg = Debug|Any CPU
		{EAC4C64D-D15E-4550-8096-D29988B1303C}.Debug|Any CPU.Build.0 = Debug|Any CPU
		{EAC4C64D-D15E-4550-8096-D29988B1303C}.Release|Any CPU.ActiveCfg = Release|Any CPU
		{EAC4C64D-D15E-4550-8096-D29988B1303C}.Release|Any CPU.Build.0 = Release|Any CPU
	EndGlobalSection
	GlobalSection(SolutionProperties) = preSolution
		HideSolutionNode = FALSE
	EndGlobalSection
	GlobalSection(ExtensibilityGlobals) = postSolution
		SolutionGuid = {54B152D9-90E5-4488-AFAF-ECB09A1AF474}
	EndGlobalSection
EndGlobal
